
Microsoft Visual Studio Solution File, Format Version 12.00
# Visual Studio Version 17
VisualStudioVersion = 17.1.32319.34
MinimumVisualStudioVersion = 10.0.40219.1
Project("{FAE04EC0-301F-11D3-BF4B-00C04F79EFBC}") = "RazorPagesUI", "RazorPagesUI\RazorPagesUI.csproj", "{8533C610-BA7C-4AF0-9569-51A52A5D88EC}"
EndProject
Global
	GlobalSection(SolutionConfigurationPlatforms) = preSolution
		Debug|Any CPU = Debug|Any CPU
		Release|Any CPU = Release|Any CPU
	EndGlobalSection
	GlobalSection(ProjectConfigurationPlatforms) = postSolution
		{8533C610-BA7C-4AF0-9569-51A52A5D88EC}.Debug|Any CPU.ActiveCfg = Debug|Any CPU
		{8533C610-BA7C-4AF0-9569-51A52A5D88EC}.Debug|Any CPU.Build.0 = Debug|Any CPU
		{8533C610-BA7C-4AF0-9569-51A52A5D88EC}.Release|Any CPU.ActiveCfg = Release|Any CPU
		{8533C610-BA7C-4AF0-9569-51A52A5D88EC}.Release|Any CPU.Build.0 = Release|Any CPU
	EndGlobalSection
	GlobalSection(SolutionProperties) = preSolution
		HideSolutionNode = FALSE
	EndGlobalSection
	GlobalSection(ExtensibilityGlobals) = postSolution
		SolutionGuid = {DEABBA7A-D438-49D5-9A39-F1D8F1BB7A9A}
	EndGlobalSection
EndGlobal
